
Microsoft Visual Studio Solution File, Format Version 12.00
# Visual Studio 15
VisualStudioVersion = 15.0.28307.271
MinimumVisualStudioVersion = 10.0.40219.1
Project("{8BC9CEB8-8B4A-11D0-8D11-00A0C91BC942}") = "07_RenderToTexture", "07_RenderToTexture.vcxproj", "{FDFAFA2A-F5E9-4069-9111-EFBDFA7864AB}"
EndProject
Project("{8BC9CEB8-8B4A-11D0-8D11-00A0C91BC942}") = "07_RenderToTexture_SutraCopy", "..\07_RenderToTexture_SutraCopy\07_RenderToTexture_SutraCopy.vcxproj", "{8ABF6D65-86F0-48A2-9B38-8ED94A659FA1}"
EndProject
Global
	GlobalSection(SolutionConfigurationPlatforms) = preSolution
		Debug|x64 = Debug|x64
		Debug|x86 = Debug|x86
		Release|x64 = Release|x64
		Release|x86 = Release|x86
	EndGlobalSection
	GlobalSection(ProjectConfigurationPlatforms) = postSolution
		{FDFAFA2A-F5E9-4069-9111-EFBDFA7864AB}.Debug|x64.ActiveCfg = Debug|x64
		{FDFAFA2A-F5E9-4069-9111-EFBDFA7864AB}.Debug|x64.Build.0 = Debug|x64
		{FDFAFA2A-F5E9-4069-9111-EFBDFA7864AB}.Debug|x86.ActiveCfg = Debug|x64
		{FDFAFA2A-F5E9-4069-9111-EFBDFA7864AB}.Release|x64.ActiveCfg = Release|x64
		{FDFAFA2A-F5E9-4069-9111-EFBDFA7864AB}.Release|x64.Build.0 = Release|x64
		{FDFAFA2A-F5E9-4069-9111-EFBDFA7864AB}.Release|x86.ActiveCfg = Release|x64
		{8ABF6D65-86F0-48A2-9B38-8ED94A659FA1}.Debug|x64.ActiveCfg = Debug|x64
		{8ABF6D65-86F0-48A2-9B38-8ED94A659FA1}.Debug|x64.Build.0 = Debug|x64
		{8ABF6D65-86F0-48A2-9B38-8ED94A659FA1}.Debug|x86.ActiveCfg = Debug|Win32
		{8ABF6D65-86F0-48A2-9B38-8ED94A659FA1}.Debug|x86.Build.0 = Debug|Win32
		{8ABF6D65-86F0-48A2-9B38-8ED94A659FA1}.Release|x64.ActiveCfg = Release|x64
		{8ABF6D65-86F0-48A2-9B38-8ED94A659FA1}.Release|x64.Build.0 = Release|x64
		{8ABF6D65-86F0-48A2-9B38-8ED94A659FA1}.Release|x86.ActiveCfg = Release|Win32
		{8ABF6D65-86F0-48A2-9B38-8ED94A659FA1}.Release|x86.Build.0 = Release|Win32
	EndGlobalSection
	GlobalSection(SolutionProperties) = preSolution
		HideSolutionNode = FALSE
	EndGlobalSection
	GlobalSection(ExtensibilityGlobals) = postSolution
		SolutionGuid = {74DF8C47-134B-43FF-AFBC-3CCC472F29CC}
	EndGlobalSection
EndGlobal
