
Microsoft Visual Studio Solution File, Format Version 12.00
# Visual Studio 15
VisualStudioVersion = 15.0.28307.271
MinimumVisualStudioVersion = 10.0.40219.1
Project("{8BC9CEB8-8B4A-11D0-8D11-00A0C91BC942}") = "04_ResizableWindow", "04_ResizableWindow.vcxproj", "{312D724E-E661-4816-B0D1-86C594198CCD}"
EndProject
Project("{8BC9CEB8-8B4A-11D0-8D11-00A0C91BC942}") = "04_ResizableWindow_SutraCopy", "..\04_ResizableWindow_SutraCopy\04_ResizableWindow_SutraCopy.vcxproj", "{4860FAE2-1BCA-4755-8FC3-371D72C335B2}"
EndProject
Global
	GlobalSection(SolutionConfigurationPlatforms) = preSolution
		Debug|x64 = Debug|x64
		Debug|x86 = Debug|x86
		Release|x64 = Release|x64
		Release|x86 = Release|x86
	EndGlobalSection
	GlobalSection(ProjectConfigurationPlatforms) = postSolution
		{312D724E-E661-4816-B0D1-86C594198CCD}.Debug|x64.ActiveCfg = Debug|x64
		{312D724E-E661-4816-B0D1-86C594198CCD}.Debug|x64.Build.0 = Debug|x64
		{312D724E-E661-4816-B0D1-86C594198CCD}.Debug|x86.ActiveCfg = Debug|x64
		{312D724E-E661-4816-B0D1-86C594198CCD}.Release|x64.ActiveCfg = Release|x64
		{312D724E-E661-4816-B0D1-86C594198CCD}.Release|x64.Build.0 = Release|x64
		{312D724E-E661-4816-B0D1-86C594198CCD}.Release|x86.ActiveCfg = Release|x64
		{4860FAE2-1BCA-4755-8FC3-371D72C335B2}.Debug|x64.ActiveCfg = Debug|x64
		{4860FAE2-1BCA-4755-8FC3-371D72C335B2}.Debug|x64.Build.0 = Debug|x64
		{4860FAE2-1BCA-4755-8FC3-371D72C335B2}.Debug|x86.ActiveCfg = Debug|Win32
		{4860FAE2-1BCA-4755-8FC3-371D72C335B2}.Debug|x86.Build.0 = Debug|Win32
		{4860FAE2-1BCA-4755-8FC3-371D72C335B2}.Release|x64.ActiveCfg = Release|x64
		{4860FAE2-1BCA-4755-8FC3-371D72C335B2}.Release|x64.Build.0 = Release|x64
		{4860FAE2-1BCA-4755-8FC3-371D72C335B2}.Release|x86.ActiveCfg = Release|Win32
		{4860FAE2-1BCA-4755-8FC3-371D72C335B2}.Release|x86.Build.0 = Release|Win32
	EndGlobalSection
	GlobalSection(SolutionProperties) = preSolution
		HideSolutionNode = FALSE
	EndGlobalSection
	GlobalSection(ExtensibilityGlobals) = postSolution
		SolutionGuid = {BCAC7D62-D479-48FB-B413-6D1699BC7EE9}
	EndGlobalSection
EndGlobal
